
Microsoft Visual Studio Solution File, Format Version 12.00
# Visual Studio Version 17
VisualStudioVersion = 17.1.32407.343
MinimumVisualStudioVersion = 10.0.40219.1
Project("{9A19103F-16F7-4668-BE54-9A1E7A4F7556}") = "CRAH52_HFT_2021221.Client", "CRAH52_HFT_2021221.Client\CRAH52_HFT_2021221.Client.csproj", "{762AF3DD-58E2-49C3-990E-95CECDFB324D}"
EndProject
Project("{9A19103F-16F7-4668-BE54-9A1E7A4F7556}") = "CRAH52_HFT_2021221.Models", "CRAH52_HFT_2021221.Models\CRAH52_HFT_2021221.Models.csproj", "{4DF63AF9-95E5-4004-B77C-EC74CA73B216}"
EndProject
Project("{9A19103F-16F7-4668-BE54-9A1E7A4F7556}") = "CRAH52_HFT_2021221.Data", "CRAH52_HFT_2021221.Data\CRAH52_HFT_2021221.Data.csproj", "{0A92C7A4-08E0-4B53-AC2C-FB570095F5B5}"
EndProject
Project("{9A19103F-16F7-4668-BE54-9A1E7A4F7556}") = "CRAH52_HFT_2021221.Logic", "CRAH52_HFT_2021221.Logic\CRAH52_HFT_2021221.Logic.csproj", "{AA327772-C61D-421E-87E6-C41BBAED7984}"
EndProject
Project("{9A19103F-16F7-4668-BE54-9A1E7A4F7556}") = "CRAH52_HFT_2021221.Repository", "CRAH52_HFT_2021221.Repository\CRAH52_HFT_2021221.Repository.csproj", "{E5A506C0-F3B6-46E1-B12A-546A80F73271}"
EndProject
Project("{9A19103F-16F7-4668-BE54-9A1E7A4F7556}") = "CRAH52_HFT_2021221.Endpoint", "CRAH52_HFT_2021221.Endpoint\CRAH52_HFT_2021221.Endpoint.csproj", "{5D386649-A640-485C-AAA8-216877F88403}"
EndProject
Project("{9A19103F-16F7-4668-BE54-9A1E7A4F7556}") = "CRAH52_HFT_2021221.Test", "CRAH52_HFT_2021221.Test\CRAH52_HFT_2021221.Test.csproj", "{23951005-2915-4CD5-865F-EB9DCF99FF9D}"
EndProject
Project("{2150E333-8FDC-42A3-9474-1A3956D46DE8}") = "Frontend", "Frontend", "{F1CDEBEB-B5E2-44B2-BF73-D3226331BFD6}"
EndProject
Project("{2150E333-8FDC-42A3-9474-1A3956D46DE8}") = "Backend", "Backend", "{4BDE69B4-CA04-46FC-92A5-35228830F586}"
EndProject
Project("{2150E333-8FDC-42A3-9474-1A3956D46DE8}") = "Shared", "Shared", "{54194377-118E-49E3-9476-03AEB9C4D308}"
EndProject
Project("{2150E333-8FDC-42A3-9474-1A3956D46DE8}") = "Others", "Others", "{D40A8AAC-97F8-4640-821D-A47822502DD8}"
	ProjectSection(SolutionItems) = preProject
		.gitignore = .gitignore
	EndProjectSection
EndProject
Project("{FAE04EC0-301F-11D3-BF4B-00C04F79EFBC}") = "CRAH52_HFT_2021221.WPFClient", "CRAH52_HFT_2021221.WPFClient\CRAH52_HFT_2021221.WPFClient.csproj", "{897C3CB9-808E-4282-A6A8-9C63344E26D4}"
EndProject
Global
	GlobalSection(SolutionConfigurationPlatforms) = preSolution
		Debug|Any CPU = Debug|Any CPU
		Release|Any CPU = Release|Any CPU
	EndGlobalSection
	GlobalSection(ProjectConfigurationPlatforms) = postSolution
		{762AF3DD-58E2-49C3-990E-95CECDFB324D}.Debug|Any CPU.ActiveCfg = Debug|Any CPU
		{762AF3DD-58E2-49C3-990E-95CECDFB324D}.Debug|Any CPU.Build.0 = Debug|Any CPU
		{762AF3DD-58E2-49C3-990E-95CECDFB324D}.Release|Any CPU.ActiveCfg = Release|Any CPU
		{762AF3DD-58E2-49C3-990E-95CECDFB324D}.Release|Any CPU.Build.0 = Release|Any CPU
		{4DF63AF9-95E5-4004-B77C-EC74CA73B216}.Debug|Any CPU.ActiveCfg = Debug|Any CPU
		{4DF63AF9-95E5-4004-B77C-EC74CA73B216}.Debug|Any CPU.Build.0 = Debug|Any CPU
		{4DF63AF9-95E5-4004-B77C-EC74CA73B216}.Release|Any CPU.ActiveCfg = Release|Any CPU
		{4DF63AF9-95E5-4004-B77C-EC74CA73B216}.Release|Any CPU.Build.0 = Release|Any CPU
		{0A92C7A4-08E0-4B53-AC2C-FB570095F5B5}.Debug|Any CPU.ActiveCfg = Debug|Any CPU
		{0A92C7A4-08E0-4B53-AC2C-FB570095F5B5}.Debug|Any CPU.Build.0 = Debug|Any CPU
		{0A92C7A4-08E0-4B53-AC2C-FB570095F5B5}.Release|Any CPU.ActiveCfg = Release|Any CPU
		{0A92C7A4-08E0-4B53-AC2C-FB570095F5B5}.Release|Any CPU.Build.0 = Release|Any CPU
		{AA327772-C61D-421E-87E6-C41BBAED7984}.Debug|Any CPU.ActiveCfg = Debug|Any CPU
		{AA327772-C61D-421E-87E6-C41BBAED7984}.Debug|Any CPU.Build.0 = Debug|Any CPU
		{AA327772-C61D-421E-87E6-C41BBAED7984}.Release|Any CPU.ActiveCfg = Release|Any CPU
		{AA327772-C61D-421E-87E6-C41BBAED7984}.Release|Any CPU.Build.0 = Release|Any CPU
		{E5A506C0-F3B6-46E1-B12A-546A80F73271}.Debug|Any CPU.ActiveCfg = Debug|Any CPU
		{E5A506C0-F3B6-46E1-B12A-546A80F73271}.Debug|Any CPU.Build.0 = Debug|Any CPU
		{E5A506C0-F3B6-46E1-B12A-546A80F73271}.Release|Any CPU.ActiveCfg = Release|Any CPU
		{E5A506C0-F3B6-46E1-B12A-546A80F73271}.Release|Any CPU.Build.0 = Release|Any CPU
		{5D386649-A640-485C-AAA8-216877F88403}.Debug|Any CPU.ActiveCfg = Debug|Any CPU
		{5D386649-A640-485C-AAA8-216877F88403}.Debug|Any CPU.Build.0 = Debug|Any CPU
		{5D386649-A640-485C-AAA8-216877F88403}.Release|Any CPU.ActiveCfg = Release|Any CPU
		{5D386649-A640-485C-AAA8-216877F88403}.Release|Any CPU.Build.0 = Release|Any CPU
		{23951005-2915-4CD5-865F-EB9DCF99FF9D}.Debug|Any CPU.ActiveCfg = Debug|Any CPU
		{23951005-2915-4CD5-865F-EB9DCF99FF9D}.Debug|Any CPU.Build.0 = Debug|Any CPU
		{23951005-2915-4CD5-865F-EB9DCF99FF9D}.Release|Any CPU.ActiveCfg = Release|Any CPU
		{23951005-2915-4CD5-865F-EB9DCF99FF9D}.Release|Any CPU.Build.0 = Release|Any CPU
		{897C3CB9-808E-4282-A6A8-9C63344E26D4}.Debug|Any CPU.ActiveCfg = Debug|Any CPU
		{897C3CB9-808E-4282-A6A8-9C63344E26D4}.Debug|Any CPU.Build.0 = Debug|Any CPU
		{897C3CB9-808E-4282-A6A8-9C63344E26D4}.Release|Any CPU.ActiveCfg = Release|Any CPU
		{897C3CB9-808E-4282-A6A8-9C63344E26D4}.Release|Any CPU.Build.0 = Release|Any CPU
	EndGlobalSection
	GlobalSection(SolutionProperties) = preSolution
		HideSolutionNode = FALSE
	EndGlobalSection
	GlobalSection(NestedProjects) = preSolution
		{762AF3DD-58E2-49C3-990E-95CECDFB324D} = {F1CDEBEB-B5E2-44B2-BF73-D3226331BFD6}
		{4DF63AF9-95E5-4004-B77C-EC74CA73B216} = {54194377-118E-49E3-9476-03AEB9C4D308}
		{0A92C7A4-08E0-4B53-AC2C-FB570095F5B5} = {4BDE69B4-CA04-46FC-92A5-35228830F586}
		{AA327772-C61D-421E-87E6-C41BBAED7984} = {4BDE69B4-CA04-46FC-92A5-35228830F586}
		{E5A506C0-F3B6-46E1-B12A-546A80F73271} = {4BDE69B4-CA04-46FC-92A5-35228830F586}
		{5D386649-A640-485C-AAA8-216877F88403} = {4BDE69B4-CA04-46FC-92A5-35228830F586}
		{23951005-2915-4CD5-865F-EB9DCF99FF9D} = {4BDE69B4-CA04-46FC-92A5-35228830F586}
	EndGlobalSection
	GlobalSection(ExtensibilityGlobals) = postSolution
		SolutionGuid = {B5E5AACA-5EF6-4DE0-AC2B-60BF84ABE9BE}
	EndGlobalSection
EndGlobal
